
Microsoft Visual Studio Solution File, Format Version 12.00
# Visual Studio Version 16
VisualStudioVersion = 16.0.30503.244
MinimumVisualStudioVersion = 15.0.26124.0
Project("{2150E333-8FDC-42A3-9474-1A3956D46DE8}") = "2. Asocciation Between Classes", "2. Asocciation Between Classes", "{A5C11B9C-B7CD-4ED4-B852-7F1027C63980}"
EndProject
Project("{9A19103F-16F7-4668-BE54-9A1E7A4F7556}") = "Inheritance", "2-associations-between-classes\Inheritance\Inheritance.csproj", "{B23A5D95-1F01-48E3-9530-C87AAFE104E5}"
EndProject
Project("{2150E333-8FDC-42A3-9474-1A3956D46DE8}") = "1. Classes", "1. Classes", "{1987C4CA-3BF6-4C2C-B6F4-185293D0ABC6}"
EndProject
Project("{9A19103F-16F7-4668-BE54-9A1E7A4F7556}") = "Classes", "1-classes\Classes\Classes.csproj", "{E3C5CE48-BE96-4078-B141-784847B3A4D3}"
EndProject
Project("{9A19103F-16F7-4668-BE54-9A1E7A4F7556}") = "Exercise1", "1-classes\Exercise1\Exercise1.csproj", "{70843EF8-2138-4EFB-B4BE-64EB73DBE8FE}"
EndProject
Project("{9A19103F-16F7-4668-BE54-9A1E7A4F7556}") = "Exercise2", "1-classes\Exercise2\Exercise2.csproj", "{57C03047-C487-4D41-A424-A1D079C084E6}"
EndProject
Project("{9A19103F-16F7-4668-BE54-9A1E7A4F7556}") = "Composition", "2-associations-between-classes\Composition\Composition.csproj", "{037E0810-FF36-44A6-A994-946958AAAAFA}"
EndProject
Project("{2150E333-8FDC-42A3-9474-1A3956D46DE8}") = "3. Inheritance", "3. Inheritance", "{081AC36D-DE40-45CF-8F32-AC76FB929955}"
EndProject
Project("{9A19103F-16F7-4668-BE54-9A1E7A4F7556}") = "AccessModifiers", "3-inheritance\AccessModifiers\AccessModifiers.csproj", "{03DC0EA8-59F0-4FB1-A99E-8C8FF7D64D41}"
EndProject
Project("{9A19103F-16F7-4668-BE54-9A1E7A4F7556}") = "Amazon", "3-inheritance\Amazon\Amazon.csproj", "{445935BF-9F88-4528-A2D5-2D94EBD088AC}"
EndProject
Project("{9A19103F-16F7-4668-BE54-9A1E7A4F7556}") = "Constructors", "3-inheritance\Constructors\Constructors.csproj", "{14491C92-2D52-4460-81A9-F70F61073697}"
EndProject
Project("{9A19103F-16F7-4668-BE54-9A1E7A4F7556}") = "Casting", "3-inheritance\Casting\Casting.csproj", "{1AE83147-4BEE-4BD4-9839-A3C6545FE127}"
EndProject
Project("{9A19103F-16F7-4668-BE54-9A1E7A4F7556}") = "WpfApp", "3-inheritance\WpfApp\WpfApp.csproj", "{06E04F91-8F7F-4D1F-A560-406F4BDDB405}"
EndProject
Project("{9A19103F-16F7-4668-BE54-9A1E7A4F7556}") = "Boxing", "3-inheritance\Boxing\Boxing.csproj", "{3204EEE9-1ED5-458D-B7EF-19448A9AF527}"
EndProject
Project("{9A19103F-16F7-4668-BE54-9A1E7A4F7556}") = "Exercise", "3-inheritance\Exercise\Exercise.csproj", "{70EE0F1B-03FA-4E7E-90CE-CAB28B2ADAFE}"
EndProject
Project("{2150E333-8FDC-42A3-9474-1A3956D46DE8}") = "4. Polymorphism", "4. Polymorphism", "{F8078005-5727-4D51-A294-7020AED05FE3}"
EndProject
Project("{9A19103F-16F7-4668-BE54-9A1E7A4F7556}") = "MethodOverriding", "4-polymorphism\MethodOverriding\MethodOverriding.csproj", "{66D516A2-DF39-4CFB-8D5B-E07702011F4C}"
EndProject
Project("{9A19103F-16F7-4668-BE54-9A1E7A4F7556}") = "AbstractClasses", "4-polymorphism\AbstractClasses\AbstractClasses.csproj", "{FF27AD36-9B80-4A7B-BAA8-4CE02B5A3781}"
EndProject
Project("{9A19103F-16F7-4668-BE54-9A1E7A4F7556}") = "Exercise", "4-polymorphism\Exercise\Exercise.csproj", "{9ED717CA-47AC-4A80-BBCE-A969167CC4D7}"
EndProject
Project("{2150E333-8FDC-42A3-9474-1A3956D46DE8}") = "5. Interfaces", "5. Interfaces", "{44616021-7D32-4FFF-9C84-E315BB887E0E}"
EndProject
Project("{9A19103F-16F7-4668-BE54-9A1E7A4F7556}") = "Testability", "5-interfaces\Testability\Testability.csproj", "{AEC2FCE5-1FC9-42FC-946A-8C23A1B70A74}"
EndProject
Project("{9A19103F-16F7-4668-BE54-9A1E7A4F7556}") = "Testability.Tests", "5-interfaces\Testability.Tests\Testability.Tests.csproj", "{10136761-6DA5-44FD-8CF5-9A2CB825109A}"
EndProject
Project("{9A19103F-16F7-4668-BE54-9A1E7A4F7556}") = "Extensibility", "5-interfaces\Extensibility\Extensibility.csproj", "{0DB080F4-8B94-4882-B028-2FDC9D76C8F5}"
EndProject
Project("{9A19103F-16F7-4668-BE54-9A1E7A4F7556}") = "MultipleInheritance", "5-interfaces\MultipleInheritance\MultipleInheritance.csproj", "{3B1AA0FD-27F1-45B9-8567-3370AB839991}"
EndProject
Project("{9A19103F-16F7-4668-BE54-9A1E7A4F7556}") = "Polymorphism", "5-interfaces\Polymorphism\Polymorphism.csproj", "{89C4405C-9BFA-4627-BAED-E8F28289C52A}"
EndProject
Global
	GlobalSection(SolutionConfigurationPlatforms) = preSolution
		Debug|Any CPU = Debug|Any CPU
		Debug|x64 = Debug|x64
		Debug|x86 = Debug|x86
		Release|Any CPU = Release|Any CPU
		Release|x64 = Release|x64
		Release|x86 = Release|x86
	EndGlobalSection
	GlobalSection(ProjectConfigurationPlatforms) = postSolution
		{B23A5D95-1F01-48E3-9530-C87AAFE104E5}.Debug|Any CPU.ActiveCfg = Debug|Any CPU
		{B23A5D95-1F01-48E3-9530-C87AAFE104E5}.Debug|Any CPU.Build.0 = Debug|Any CPU
		{B23A5D95-1F01-48E3-9530-C87AAFE104E5}.Debug|x64.ActiveCfg = Debug|Any CPU
		{B23A5D95-1F01-48E3-9530-C87AAFE104E5}.Debug|x64.Build.0 = Debug|Any CPU
		{B23A5D95-1F01-48E3-9530-C87AAFE104E5}.Debug|x86.ActiveCfg = Debug|Any CPU
		{B23A5D95-1F01-48E3-9530-C87AAFE104E5}.Debug|x86.Build.0 = Debug|Any CPU
		{B23A5D95-1F01-48E3-9530-C87AAFE104E5}.Release|Any CPU.ActiveCfg = Release|Any CPU
		{B23A5D95-1F01-48E3-9530-C87AAFE104E5}.Release|Any CPU.Build.0 = Release|Any CPU
		{B23A5D95-1F01-48E3-9530-C87AAFE104E5}.Release|x64.ActiveCfg = Release|Any CPU
		{B23A5D95-1F01-48E3-9530-C87AAFE104E5}.Release|x64.Build.0 = Release|Any CPU
		{B23A5D95-1F01-48E3-9530-C87AAFE104E5}.Release|x86.ActiveCfg = Release|Any CPU
		{B23A5D95-1F01-48E3-9530-C87AAFE104E5}.Release|x86.Build.0 = Release|Any CPU
		{E3C5CE48-BE96-4078-B141-784847B3A4D3}.Debug|Any CPU.ActiveCfg = Debug|Any CPU
		{E3C5CE48-BE96-4078-B141-784847B3A4D3}.Debug|Any CPU.Build.0 = Debug|Any CPU
		{E3C5CE48-BE96-4078-B141-784847B3A4D3}.Debug|x64.ActiveCfg = Debug|Any CPU
		{E3C5CE48-BE96-4078-B141-784847B3A4D3}.Debug|x64.Build.0 = Debug|Any CPU
		{E3C5CE48-BE96-4078-B141-784847B3A4D3}.Debug|x86.ActiveCfg = Debug|Any CPU
		{E3C5CE48-BE96-4078-B141-784847B3A4D3}.Debug|x86.Build.0 = Debug|Any CPU
		{E3C5CE48-BE96-4078-B141-784847B3A4D3}.Release|Any CPU.ActiveCfg = Release|Any CPU
		{E3C5CE48-BE96-4078-B141-784847B3A4D3}.Release|Any CPU.Build.0 = Release|Any CPU
		{E3C5CE48-BE96-4078-B141-784847B3A4D3}.Release|x64.ActiveCfg = Release|Any CPU
		{E3C5CE48-BE96-4078-B141-784847B3A4D3}.Release|x64.Build.0 = Release|Any CPU
		{E3C5CE48-BE96-4078-B141-784847B3A4D3}.Release|x86.ActiveCfg = Release|Any CPU
		{E3C5CE48-BE96-4078-B141-784847B3A4D3}.Release|x86.Build.0 = Release|Any CPU
		{70843EF8-2138-4EFB-B4BE-64EB73DBE8FE}.Debug|Any CPU.ActiveCfg = Debug|Any CPU
		{70843EF8-2138-4EFB-B4BE-64EB73DBE8FE}.Debug|Any CPU.Build.0 = Debug|Any CPU
		{70843EF8-2138-4EFB-B4BE-64EB73DBE8FE}.Debug|x64.ActiveCfg = Debug|Any CPU
		{70843EF8-2138-4EFB-B4BE-64EB73DBE8FE}.Debug|x64.Build.0 = Debug|Any CPU
		{70843EF8-2138-4EFB-B4BE-64EB73DBE8FE}.Debug|x86.ActiveCfg = Debug|Any CPU
		{70843EF8-2138-4EFB-B4BE-64EB73DBE8FE}.Debug|x86.Build.0 = Debug|Any CPU
		{70843EF8-2138-4EFB-B4BE-64EB73DBE8FE}.Release|Any CPU.ActiveCfg = Release|Any CPU
		{70843EF8-2138-4EFB-B4BE-64EB73DBE8FE}.Release|Any CPU.Build.0 = Release|Any CPU
		{70843EF8-2138-4EFB-B4BE-64EB73DBE8FE}.Release|x64.ActiveCfg = Release|Any CPU
		{70843EF8-2138-4EFB-B4BE-64EB73DBE8FE}.Release|x64.Build.0 = Release|Any CPU
		{70843EF8-2138-4EFB-B4BE-64EB73DBE8FE}.Release|x86.ActiveCfg = Release|Any CPU
		{70843EF8-2138-4EFB-B4BE-64EB73DBE8FE}.Release|x86.Build.0 = Release|Any CPU
		{57C03047-C487-4D41-A424-A1D079C084E6}.Debug|Any CPU.ActiveCfg = Debug|Any CPU
		{57C03047-C487-4D41-A424-A1D079C084E6}.Debug|Any CPU.Build.0 = Debug|Any CPU
		{57C03047-C487-4D41-A424-A1D079C084E6}.Debug|x64.ActiveCfg = Debug|Any CPU
		{57C03047-C487-4D41-A424-A1D079C084E6}.Debug|x64.Build.0 = Debug|Any CPU
		{57C03047-C487-4D41-A424-A1D079C084E6}.Debug|x86.ActiveCfg = Debug|Any CPU
		{57C03047-C487-4D41-A424-A1D079C084E6}.Debug|x86.Build.0 = Debug|Any CPU
		{57C03047-C487-4D41-A424-A1D079C084E6}.Release|Any CPU.ActiveCfg = Release|Any CPU
		{57C03047-C487-4D41-A424-A1D079C084E6}.Release|Any CPU.Build.0 = Release|Any CPU
		{57C03047-C487-4D41-A424-A1D079C084E6}.Release|x64.ActiveCfg = Release|Any CPU
		{57C03047-C487-4D41-A424-A1D079C084E6}.Release|x64.Build.0 = Release|Any CPU
		{57C03047-C487-4D41-A424-A1D079C084E6}.Release|x86.ActiveCfg = Release|Any CPU
		{57C03047-C487-4D41-A424-A1D079C084E6}.Release|x86.Build.0 = Release|Any CPU
		{037E0810-FF36-44A6-A994-946958AAAAFA}.Debug|Any CPU.ActiveCfg = Debug|Any CPU
		{037E0810-FF36-44A6-A994-946958AAAAFA}.Debug|Any CPU.Build.0 = Debug|Any CPU
		{037E0810-FF36-44A6-A994-946958AAAAFA}.Debug|x64.ActiveCfg = Debug|Any CPU
		{037E0810-FF36-44A6-A994-946958AAAAFA}.Debug|x64.Build.0 = Debug|Any CPU
		{037E0810-FF36-44A6-A994-946958AAAAFA}.Debug|x86.ActiveCfg = Debug|Any CPU
		{037E0810-FF36-44A6-A994-946958AAAAFA}.Debug|x86.Build.0 = Debug|Any CPU
		{037E0810-FF36-44A6-A994-946958AAAAFA}.Release|Any CPU.ActiveCfg = Release|Any CPU
		{037E0810-FF36-44A6-A994-946958AAAAFA}.Release|Any CPU.Build.0 = Release|Any CPU
		{037E0810-FF36-44A6-A994-946958AAAAFA}.Release|x64.ActiveCfg = Release|Any CPU
		{037E0810-FF36-44A6-A994-946958AAAAFA}.Release|x64.Build.0 = Release|Any CPU
		{037E0810-FF36-44A6-A994-946958AAAAFA}.Release|x86.ActiveCfg = Release|Any CPU
		{037E0810-FF36-44A6-A994-946958AAAAFA}.Release|x86.Build.0 = Release|Any CPU
		{03DC0EA8-59F0-4FB1-A99E-8C8FF7D64D41}.Debug|Any CPU.ActiveCfg = Debug|Any CPU
		{03DC0EA8-59F0-4FB1-A99E-8C8FF7D64D41}.Debug|Any CPU.Build.0 = Debug|Any CPU
		{03DC0EA8-59F0-4FB1-A99E-8C8FF7D64D41}.Debug|x64.ActiveCfg = Debug|Any CPU
		{03DC0EA8-59F0-4FB1-A99E-8C8FF7D64D41}.Debug|x64.Build.0 = Debug|Any CPU
		{03DC0EA8-59F0-4FB1-A99E-8C8FF7D64D41}.Debug|x86.ActiveCfg = Debug|Any CPU
		{03DC0EA8-59F0-4FB1-A99E-8C8FF7D64D41}.Debug|x86.Build.0 = Debug|Any CPU
		{03DC0EA8-59F0-4FB1-A99E-8C8FF7D64D41}.Release|Any CPU.ActiveCfg = Release|Any CPU
		{03DC0EA8-59F0-4FB1-A99E-8C8FF7D64D41}.Release|Any CPU.Build.0 = Release|Any CPU
		{03DC0EA8-59F0-4FB1-A99E-8C8FF7D64D41}.Release|x64.ActiveCfg = Release|Any CPU
		{03DC0EA8-59F0-4FB1-A99E-8C8FF7D64D41}.Release|x64.Build.0 = Release|Any CPU
		{03DC0EA8-59F0-4FB1-A99E-8C8FF7D64D41}.Release|x86.ActiveCfg = Release|Any CPU
		{03DC0EA8-59F0-4FB1-A99E-8C8FF7D64D41}.Release|x86.Build.0 = Release|Any CPU
		{445935BF-9F88-4528-A2D5-2D94EBD088AC}.Debug|Any CPU.ActiveCfg = Debug|Any CPU
		{445935BF-9F88-4528-A2D5-2D94EBD088AC}.Debug|Any CPU.Build.0 = Debug|Any CPU
		{445935BF-9F88-4528-A2D5-2D94EBD088AC}.Debug|x64.ActiveCfg = Debug|Any CPU
		{445935BF-9F88-4528-A2D5-2D94EBD088AC}.Debug|x64.Build.0 = Debug|Any CPU
		{445935BF-9F88-4528-A2D5-2D94EBD088AC}.Debug|x86.ActiveCfg = Debug|Any CPU
		{445935BF-9F88-4528-A2D5-2D94EBD088AC}.Debug|x86.Build.0 = Debug|Any CPU
		{445935BF-9F88-4528-A2D5-2D94EBD088AC}.Release|Any CPU.ActiveCfg = Release|Any CPU
		{445935BF-9F88-4528-A2D5-2D94EBD088AC}.Release|Any CPU.Build.0 = Release|Any CPU
		{445935BF-9F88-4528-A2D5-2D94EBD088AC}.Release|x64.ActiveCfg = Release|Any CPU
		{445935BF-9F88-4528-A2D5-2D94EBD088AC}.Release|x64.Build.0 = Release|Any CPU
		{445935BF-9F88-4528-A2D5-2D94EBD088AC}.Release|x86.ActiveCfg = Release|Any CPU
		{445935BF-9F88-4528-A2D5-2D94EBD088AC}.Release|x86.Build.0 = Release|Any CPU
		{14491C92-2D52-4460-81A9-F70F61073697}.Debug|Any CPU.ActiveCfg = Debug|Any CPU
		{14491C92-2D52-4460-81A9-F70F61073697}.Debug|Any CPU.Build.0 = Debug|Any CPU
		{14491C92-2D52-4460-81A9-F70F61073697}.Debug|x64.ActiveCfg = Debug|Any CPU
		{14491C92-2D52-4460-81A9-F70F61073697}.Debug|x64.Build.0 = Debug|Any CPU
		{14491C92-2D52-4460-81A9-F70F61073697}.Debug|x86.ActiveCfg = Debug|Any CPU
		{14491C92-2D52-4460-81A9-F70F61073697}.Debug|x86.Build.0 = Debug|Any CPU
		{14491C92-2D52-4460-81A9-F70F61073697}.Release|Any CPU.ActiveCfg = Release|Any CPU
		{14491C92-2D52-4460-81A9-F70F61073697}.Release|Any CPU.Build.0 = Release|Any CPU
		{14491C92-2D52-4460-81A9-F70F61073697}.Release|x64.ActiveCfg = Release|Any CPU
		{14491C92-2D52-4460-81A9-F70F61073697}.Release|x64.Build.0 = Release|Any CPU
		{14491C92-2D52-4460-81A9-F70F61073697}.Release|x86.ActiveCfg = Release|Any CPU
		{14491C92-2D52-4460-81A9-F70F61073697}.Release|x86.Build.0 = Release|Any CPU
		{1AE83147-4BEE-4BD4-9839-A3C6545FE127}.Debug|Any CPU.ActiveCfg = Debug|Any CPU
		{1AE83147-4BEE-4BD4-9839-A3C6545FE127}.Debug|Any CPU.Build.0 = Debug|Any CPU
		{1AE83147-4BEE-4BD4-9839-A3C6545FE127}.Debug|x64.ActiveCfg = Debug|Any CPU
		{1AE83147-4BEE-4BD4-9839-A3C6545FE127}.Debug|x64.Build.0 = Debug|Any CPU
		{1AE83147-4BEE-4BD4-9839-A3C6545FE127}.Debug|x86.ActiveCfg = Debug|Any CPU
		{1AE83147-4BEE-4BD4-9839-A3C6545FE127}.Debug|x86.Build.0 = Debug|Any CPU
		{1AE83147-4BEE-4BD4-9839-A3C6545FE127}.Release|Any CPU.ActiveCfg = Release|Any CPU
		{1AE83147-4BEE-4BD4-9839-A3C6545FE127}.Release|Any CPU.Build.0 = Release|Any CPU
		{1AE83147-4BEE-4BD4-9839-A3C6545FE127}.Release|x64.ActiveCfg = Release|Any CPU
		{1AE83147-4BEE-4BD4-9839-A3C6545FE127}.Release|x64.Build.0 = Release|Any CPU
		{1AE83147-4BEE-4BD4-9839-A3C6545FE127}.Release|x86.ActiveCfg = Release|Any CPU
		{1AE83147-4BEE-4BD4-9839-A3C6545FE127}.Release|x86.Build.0 = Release|Any CPU
		{06E04F91-8F7F-4D1F-A560-406F4BDDB405}.Debug|Any CPU.ActiveCfg = Debug|Any CPU
		{06E04F91-8F7F-4D1F-A560-406F4BDDB405}.Debug|Any CPU.Build.0 = Debug|Any CPU
		{06E04F91-8F7F-4D1F-A560-406F4BDDB405}.Debug|x64.ActiveCfg = Debug|Any CPU
		{06E04F91-8F7F-4D1F-A560-406F4BDDB405}.Debug|x64.Build.0 = Debug|Any CPU
		{06E04F91-8F7F-4D1F-A560-406F4BDDB405}.Debug|x86.ActiveCfg = Debug|Any CPU
		{06E04F91-8F7F-4D1F-A560-406F4BDDB405}.Debug|x86.Build.0 = Debug|Any CPU
		{06E04F91-8F7F-4D1F-A560-406F4BDDB405}.Release|Any CPU.ActiveCfg = Release|Any CPU
		{06E04F91-8F7F-4D1F-A560-406F4BDDB405}.Release|Any CPU.Build.0 = Release|Any CPU
		{06E04F91-8F7F-4D1F-A560-406F4BDDB405}.Release|x64.ActiveCfg = Release|Any CPU
		{06E04F91-8F7F-4D1F-A560-406F4BDDB405}.Release|x64.Build.0 = Release|Any CPU
		{06E04F91-8F7F-4D1F-A560-406F4BDDB405}.Release|x86.ActiveCfg = Release|Any CPU
		{06E04F91-8F7F-4D1F-A560-406F4BDDB405}.Release|x86.Build.0 = Release|Any CPU
		{3204EEE9-1ED5-458D-B7EF-19448A9AF527}.Debug|Any CPU.ActiveCfg = Debug|Any CPU
		{3204EEE9-1ED5-458D-B7EF-19448A9AF527}.Debug|Any CPU.Build.0 = Debug|Any CPU
		{3204EEE9-1ED5-458D-B7EF-19448A9AF527}.Debug|x64.ActiveCfg = Debug|Any CPU
		{3204EEE9-1ED5-458D-B7EF-19448A9AF527}.Debug|x64.Build.0 = Debug|Any CPU
		{3204EEE9-1ED5-458D-B7EF-19448A9AF527}.Debug|x86.ActiveCfg = Debug|Any CPU
		{3204EEE9-1ED5-458D-B7EF-19448A9AF527}.Debug|x86.Build.0 = Debug|Any CPU
		{3204EEE9-1ED5-458D-B7EF-19448A9AF527}.Release|Any CPU.ActiveCfg = Release|Any CPU
		{3204EEE9-1ED5-458D-B7EF-19448A9AF527}.Release|Any CPU.Build.0 = Release|Any CPU
		{3204EEE9-1ED5-458D-B7EF-19448A9AF527}.Release|x64.ActiveCfg = Release|Any CPU
		{3204EEE9-1ED5-458D-B7EF-19448A9AF527}.Release|x64.Build.0 = Release|Any CPU
		{3204EEE9-1ED5-458D-B7EF-19448A9AF527}.Release|x86.ActiveCfg = Release|Any CPU
		{3204EEE9-1ED5-458D-B7EF-19448A9AF527}.Release|x86.Build.0 = Release|Any CPU
		{70EE0F1B-03FA-4E7E-90CE-CAB28B2ADAFE}.Debug|Any CPU.ActiveCfg = Debug|Any CPU
		{70EE0F1B-03FA-4E7E-90CE-CAB28B2ADAFE}.Debug|Any CPU.Build.0 = Debug|Any CPU
		{70EE0F1B-03FA-4E7E-90CE-CAB28B2ADAFE}.Debug|x64.ActiveCfg = Debug|Any CPU
		{70EE0F1B-03FA-4E7E-90CE-CAB28B2ADAFE}.Debug|x64.Build.0 = Debug|Any CPU
		{70EE0F1B-03FA-4E7E-90CE-CAB28B2ADAFE}.Debug|x86.ActiveCfg = Debug|Any CPU
		{70EE0F1B-03FA-4E7E-90CE-CAB28B2ADAFE}.Debug|x86.Build.0 = Debug|Any CPU
		{70EE0F1B-03FA-4E7E-90CE-CAB28B2ADAFE}.Release|Any CPU.ActiveCfg = Release|Any CPU
		{70EE0F1B-03FA-4E7E-90CE-CAB28B2ADAFE}.Release|Any CPU.Build.0 = Release|Any CPU
		{70EE0F1B-03FA-4E7E-90CE-CAB28B2ADAFE}.Release|x64.ActiveCfg = Release|Any CPU
		{70EE0F1B-03FA-4E7E-90CE-CAB28B2ADAFE}.Release|x64.Build.0 = Release|Any CPU
		{70EE0F1B-03FA-4E7E-90CE-CAB28B2ADAFE}.Release|x86.ActiveCfg = Release|Any CPU
		{70EE0F1B-03FA-4E7E-90CE-CAB28B2ADAFE}.Release|x86.Build.0 = Release|Any CPU
		{66D516A2-DF39-4CFB-8D5B-E07702011F4C}.Debug|Any CPU.ActiveCfg = Debug|Any CPU
		{66D516A2-DF39-4CFB-8D5B-E07702011F4C}.Debug|Any CPU.Build.0 = Debug|Any CPU
		{66D516A2-DF39-4CFB-8D5B-E07702011F4C}.Debug|x64.ActiveCfg = Debug|Any CPU
		{66D516A2-DF39-4CFB-8D5B-E07702011F4C}.Debug|x64.Build.0 = Debug|Any CPU
		{66D516A2-DF39-4CFB-8D5B-E07702011F4C}.Debug|x86.ActiveCfg = Debug|Any CPU
		{66D516A2-DF39-4CFB-8D5B-E07702011F4C}.Debug|x86.Build.0 = Debug|Any CPU
		{66D516A2-DF39-4CFB-8D5B-E07702011F4C}.Release|Any CPU.ActiveCfg = Release|Any CPU
		{66D516A2-DF39-4CFB-8D5B-E07702011F4C}.Release|Any CPU.Build.0 = Release|Any CPU
		{66D516A2-DF39-4CFB-8D5B-E07702011F4C}.Release|x64.ActiveCfg = Release|Any CPU
		{66D516A2-DF39-4CFB-8D5B-E07702011F4C}.Release|x64.Build.0 = Release|Any CPU
		{66D516A2-DF39-4CFB-8D5B-E07702011F4C}.Release|x86.ActiveCfg = Release|Any CPU
		{66D516A2-DF39-4CFB-8D5B-E07702011F4C}.Release|x86.Build.0 = Release|Any CPU
		{FF27AD36-9B80-4A7B-BAA8-4CE02B5A3781}.Debug|Any CPU.ActiveCfg = Debug|Any CPU
		{FF27AD36-9B80-4A7B-BAA8-4CE02B5A3781}.Debug|Any CPU.Build.0 = Debug|Any CPU
		{FF27AD36-9B80-4A7B-BAA8-4CE02B5A3781}.Debug|x64.ActiveCfg = Debug|Any CPU
		{FF27AD36-9B80-4A7B-BAA8-4CE02B5A3781}.Debug|x64.Build.0 = Debug|Any CPU
		{FF27AD36-9B80-4A7B-BAA8-4CE02B5A3781}.Debug|x86.ActiveCfg = Debug|Any CPU
		{FF27AD36-9B80-4A7B-BAA8-4CE02B5A3781}.Debug|x86.Build.0 = Debug|Any CPU
		{FF27AD36-9B80-4A7B-BAA8-4CE02B5A3781}.Release|Any CPU.ActiveCfg = Release|Any CPU
		{FF27AD36-9B80-4A7B-BAA8-4CE02B5A3781}.Release|Any CPU.Build.0 = Release|Any CPU
		{FF27AD36-9B80-4A7B-BAA8-4CE02B5A3781}.Release|x64.ActiveCfg = Release|Any CPU
		{FF27AD36-9B80-4A7B-BAA8-4CE02B5A3781}.Release|x64.Build.0 = Release|Any CPU
		{FF27AD36-9B80-4A7B-BAA8-4CE02B5A3781}.Release|x86.ActiveCfg = Release|Any CPU
		{FF27AD36-9B80-4A7B-BAA8-4CE02B5A3781}.Release|x86.Build.0 = Release|Any CPU
		{9ED717CA-47AC-4A80-BBCE-A969167CC4D7}.Debug|Any CPU.ActiveCfg = Debug|Any CPU
		{9ED717CA-47AC-4A80-BBCE-A969167CC4D7}.Debug|Any CPU.Build.0 = Debug|Any CPU
		{9ED717CA-47AC-4A80-BBCE-A969167CC4D7}.Debug|x64.ActiveCfg = Debug|Any CPU
		{9ED717CA-47AC-4A80-BBCE-A969167CC4D7}.Debug|x64.Build.0 = Debug|Any CPU
		{9ED717CA-47AC-4A80-BBCE-A969167CC4D7}.Debug|x86.ActiveCfg = Debug|Any CPU
		{9ED717CA-47AC-4A80-BBCE-A969167CC4D7}.Debug|x86.Build.0 = Debug|Any CPU
		{9ED717CA-47AC-4A80-BBCE-A969167CC4D7}.Release|Any CPU.ActiveCfg = Release|Any CPU
		{9ED717CA-47AC-4A80-BBCE-A969167CC4D7}.Release|Any CPU.Build.0 = Release|Any CPU
		{9ED717CA-47AC-4A80-BBCE-A969167CC4D7}.Release|x64.ActiveCfg = Release|Any CPU
		{9ED717CA-47AC-4A80-BBCE-A969167CC4D7}.Release|x64.Build.0 = Release|Any CPU
		{9ED717CA-47AC-4A80-BBCE-A969167CC4D7}.Release|x86.ActiveCfg = Release|Any CPU
		{9ED717CA-47AC-4A80-BBCE-A969167CC4D7}.Release|x86.Build.0 = Release|Any CPU
		{AEC2FCE5-1FC9-42FC-946A-8C23A1B70A74}.Debug|Any CPU.ActiveCfg = Debug|Any CPU
		{AEC2FCE5-1FC9-42FC-946A-8C23A1B70A74}.Debug|Any CPU.Build.0 = Debug|Any CPU
		{AEC2FCE5-1FC9-42FC-946A-8C23A1B70A74}.Debug|x64.ActiveCfg = Debug|Any CPU
		{AEC2FCE5-1FC9-42FC-946A-8C23A1B70A74}.Debug|x64.Build.0 = Debug|Any CPU
		{AEC2FCE5-1FC9-42FC-946A-8C23A1B70A74}.Debug|x86.ActiveCfg = Debug|Any CPU
		{AEC2FCE5-1FC9-42FC-946A-8C23A1B70A74}.Debug|x86.Build.0 = Debug|Any CPU
		{AEC2FCE5-1FC9-42FC-946A-8C23A1B70A74}.Release|Any CPU.ActiveCfg = Release|Any CPU
		{AEC2FCE5-1FC9-42FC-946A-8C23A1B70A74}.Release|Any CPU.Build.0 = Release|Any CPU
		{AEC2FCE5-1FC9-42FC-946A-8C23A1B70A74}.Release|x64.ActiveCfg = Release|Any CPU
		{AEC2FCE5-1FC9-42FC-946A-8C23A1B70A74}.Release|x64.Build.0 = Release|Any CPU
		{AEC2FCE5-1FC9-42FC-946A-8C23A1B70A74}.Release|x86.ActiveCfg = Release|Any CPU
		{AEC2FCE5-1FC9-42FC-946A-8C23A1B70A74}.Release|x86.Build.0 = Release|Any CPU
		{10136761-6DA5-44FD-8CF5-9A2CB825109A}.Debug|Any CPU.ActiveCfg = Debug|Any CPU
		{10136761-6DA5-44FD-8CF5-9A2CB825109A}.Debug|Any CPU.Build.0 = Debug|Any CPU
		{10136761-6DA5-44FD-8CF5-9A2CB825109A}.Debug|x64.ActiveCfg = Debug|Any CPU
		{10136761-6DA5-44FD-8CF5-9A2CB825109A}.Debug|x64.Build.0 = Debug|Any CPU
		{10136761-6DA5-44FD-8CF5-9A2CB825109A}.Debug|x86.ActiveCfg = Debug|Any CPU
		{10136761-6DA5-44FD-8CF5-9A2CB825109A}.Debug|x86.Build.0 = Debug|Any CPU
		{10136761-6DA5-44FD-8CF5-9A2CB825109A}.Release|Any CPU.ActiveCfg = Release|Any CPU
		{10136761-6DA5-44FD-8CF5-9A2CB825109A}.Release|Any CPU.Build.0 = Release|Any CPU
		{10136761-6DA5-44FD-8CF5-9A2CB825109A}.Release|x64.ActiveCfg = Release|Any CPU
		{10136761-6DA5-44FD-8CF5-9A2CB825109A}.Release|x64.Build.0 = Release|Any CPU
		{10136761-6DA5-44FD-8CF5-9A2CB825109A}.Release|x86.ActiveCfg = Release|Any CPU
		{10136761-6DA5-44FD-8CF5-9A2CB825109A}.Release|x86.Build.0 = Release|Any CPU
		{0DB080F4-8B94-4882-B028-2FDC9D76C8F5}.Debug|Any CPU.ActiveCfg = Debug|Any CPU
		{0DB080F4-8B94-4882-B028-2FDC9D76C8F5}.Debug|Any CPU.Build.0 = Debug|Any CPU
		{0DB080F4-8B94-4882-B028-2FDC9D76C8F5}.Debug|x64.ActiveCfg = Debug|Any CPU
		{0DB080F4-8B94-4882-B028-2FDC9D76C8F5}.Debug|x64.Build.0 = Debug|Any CPU
		{0DB080F4-8B94-4882-B028-2FDC9D76C8F5}.Debug|x86.ActiveCfg = Debug|Any CPU
		{0DB080F4-8B94-4882-B028-2FDC9D76C8F5}.Debug|x86.Build.0 = Debug|Any CPU
		{0DB080F4-8B94-4882-B028-2FDC9D76C8F5}.Release|Any CPU.ActiveCfg = Release|Any CPU
		{0DB080F4-8B94-4882-B028-2FDC9D76C8F5}.Release|Any CPU.Build.0 = Release|Any CPU
		{0DB080F4-8B94-4882-B028-2FDC9D76C8F5}.Release|x64.ActiveCfg = Release|Any CPU
		{0DB080F4-8B94-4882-B028-2FDC9D76C8F5}.Release|x64.Build.0 = Release|Any CPU
		{0DB080F4-8B94-4882-B028-2FDC9D76C8F5}.Release|x86.ActiveCfg = Release|Any CPU
		{0DB080F4-8B94-4882-B028-2FDC9D76C8F5}.Release|x86.Build.0 = Release|Any CPU
		{3B1AA0FD-27F1-45B9-8567-3370AB839991}.Debug|Any CPU.ActiveCfg = Debug|Any CPU
		{3B1AA0FD-27F1-45B9-8567-3370AB839991}.Debug|Any CPU.Build.0 = Debug|Any CPU
		{3B1AA0FD-27F1-45B9-8567-3370AB839991}.Debug|x64.ActiveCfg = Debug|Any CPU
		{3B1AA0FD-27F1-45B9-8567-3370AB839991}.Debug|x64.Build.0 = Debug|Any CPU
		{3B1AA0FD-27F1-45B9-8567-3370AB839991}.Debug|x86.ActiveCfg = Debug|Any CPU
		{3B1AA0FD-27F1-45B9-8567-3370AB839991}.Debug|x86.Build.0 = Debug|Any CPU
		{3B1AA0FD-27F1-45B9-8567-3370AB839991}.Release|Any CPU.ActiveCfg = Release|Any CPU
		{3B1AA0FD-27F1-45B9-8567-3370AB839991}.Release|Any CPU.Build.0 = Release|Any CPU
		{3B1AA0FD-27F1-45B9-8567-3370AB839991}.Release|x64.ActiveCfg = Release|Any CPU
		{3B1AA0FD-27F1-45B9-8567-3370AB839991}.Release|x64.Build.0 = Release|Any CPU
		{3B1AA0FD-27F1-45B9-8567-3370AB839991}.Release|x86.ActiveCfg = Release|Any CPU
		{3B1AA0FD-27F1-45B9-8567-3370AB839991}.Release|x86.Build.0 = Release|Any CPU
		{89C4405C-9BFA-4627-BAED-E8F28289C52A}.Debug|Any CPU.ActiveCfg = Debug|Any CPU
		{89C4405C-9BFA-4627-BAED-E8F28289C52A}.Debug|Any CPU.Build.0 = Debug|Any CPU
		{89C4405C-9BFA-4627-BAED-E8F28289C52A}.Debug|x64.ActiveCfg = Debug|Any CPU
		{89C4405C-9BFA-4627-BAED-E8F28289C52A}.Debug|x64.Build.0 = Debug|Any CPU
		{89C4405C-9BFA-4627-BAED-E8F28289C52A}.Debug|x86.ActiveCfg = Debug|Any CPU
		{89C4405C-9BFA-4627-BAED-E8F28289C52A}.Debug|x86.Build.0 = Debug|Any CPU
		{89C4405C-9BFA-4627-BAED-E8F28289C52A}.Release|Any CPU.ActiveCfg = Release|Any CPU
		{89C4405C-9BFA-4627-BAED-E8F28289C52A}.Release|Any CPU.Build.0 = Release|Any CPU
		{89C4405C-9BFA-4627-BAED-E8F28289C52A}.Release|x64.ActiveCfg = Release|Any CPU
		{89C4405C-9BFA-4627-BAED-E8F28289C52A}.Release|x64.Build.0 = Release|Any CPU
		{89C4405C-9BFA-4627-BAED-E8F28289C52A}.Release|x86.ActiveCfg = Release|Any CPU
		{89C4405C-9BFA-4627-BAED-E8F28289C52A}.Release|x86.Build.0 = Release|Any CPU
	EndGlobalSection
	GlobalSection(SolutionProperties) = preSolution
		HideSolutionNode = FALSE
	EndGlobalSection
	GlobalSection(NestedProjects) = preSolution
		{B23A5D95-1F01-48E3-9530-C87AAFE104E5} = {A5C11B9C-B7CD-4ED4-B852-7F1027C63980}
		{E3C5CE48-BE96-4078-B141-784847B3A4D3} = {1987C4CA-3BF6-4C2C-B6F4-185293D0ABC6}
		{70843EF8-2138-4EFB-B4BE-64EB73DBE8FE} = {1987C4CA-3BF6-4C2C-B6F4-185293D0ABC6}
		{57C03047-C487-4D41-A424-A1D079C084E6} = {1987C4CA-3BF6-4C2C-B6F4-185293D0ABC6}
		{037E0810-FF36-44A6-A994-946958AAAAFA} = {A5C11B9C-B7CD-4ED4-B852-7F1027C63980}
		{03DC0EA8-59F0-4FB1-A99E-8C8FF7D64D41} = {081AC36D-DE40-45CF-8F32-AC76FB929955}
		{445935BF-9F88-4528-A2D5-2D94EBD088AC} = {081AC36D-DE40-45CF-8F32-AC76FB929955}
		{14491C92-2D52-4460-81A9-F70F61073697} = {081AC36D-DE40-45CF-8F32-AC76FB929955}
		{1AE83147-4BEE-4BD4-9839-A3C6545FE127} = {081AC36D-DE40-45CF-8F32-AC76FB929955}
		{06E04F91-8F7F-4D1F-A560-406F4BDDB405} = {081AC36D-DE40-45CF-8F32-AC76FB929955}
		{3204EEE9-1ED5-458D-B7EF-19448A9AF527} = {081AC36D-DE40-45CF-8F32-AC76FB929955}
		{70EE0F1B-03FA-4E7E-90CE-CAB28B2ADAFE} = {081AC36D-DE40-45CF-8F32-AC76FB929955}
		{66D516A2-DF39-4CFB-8D5B-E07702011F4C} = {F8078005-5727-4D51-A294-7020AED05FE3}
		{FF27AD36-9B80-4A7B-BAA8-4CE02B5A3781} = {F8078005-5727-4D51-A294-7020AED05FE3}
		{9ED717CA-47AC-4A80-BBCE-A969167CC4D7} = {F8078005-5727-4D51-A294-7020AED05FE3}
		{AEC2FCE5-1FC9-42FC-946A-8C23A1B70A74} = {44616021-7D32-4FFF-9C84-E315BB887E0E}
		{10136761-6DA5-44FD-8CF5-9A2CB825109A} = {44616021-7D32-4FFF-9C84-E315BB887E0E}
		{0DB080F4-8B94-4882-B028-2FDC9D76C8F5} = {44616021-7D32-4FFF-9C84-E315BB887E0E}
		{3B1AA0FD-27F1-45B9-8567-3370AB839991} = {44616021-7D32-4FFF-9C84-E315BB887E0E}
		{89C4405C-9BFA-4627-BAED-E8F28289C52A} = {44616021-7D32-4FFF-9C84-E315BB887E0E}
	EndGlobalSection
	GlobalSection(ExtensibilityGlobals) = postSolution
		SolutionGuid = {E199C148-46BB-4691-BFC0-D9E6000C6F5E}
	EndGlobalSection
EndGlobal
